
Microsoft Visual Studio Solution File, Format Version 12.00
# Visual Studio Version 17
VisualStudioVersion = 17.10.35013.160
MinimumVisualStudioVersion = 10.0.40219.1
Project("{FAE04EC0-301F-11D3-BF4B-00C04F79EFBC}") = "WebAPI", "WebAPI.csproj", "{24D09196-2D6C-428F-B09A-58AE97259A75}"
EndProject
Global
	GlobalSection(SolutionConfigurationPlatforms) = preSolution
		Debug|Any CPU = Debug|Any CPU
		Release|Any CPU = Release|Any CPU
	EndGlobalSection
	GlobalSection(ProjectConfigurationPlatforms) = postSolution
		{24D09196-2D6C-428F-B09A-58AE97259A75}.Debug|Any CPU.ActiveCfg = Debug|Any CPU
		{24D09196-2D6C-428F-B09A-58AE97259A75}.Debug|Any CPU.Build.0 = Debug|Any CPU
		{24D09196-2D6C-428F-B09A-58AE97259A75}.Release|Any CPU.ActiveCfg = Release|Any CPU
		{24D09196-2D6C-428F-B09A-58AE97259A75}.Release|Any CPU.Build.0 = Release|Any CPU
	EndGlobalSection
	GlobalSection(SolutionProperties) = preSolution
		HideSolutionNode = FALSE
	EndGlobalSection
	GlobalSection(ExtensibilityGlobals) = postSolution
		SolutionGuid = {167DE2D5-8925-44B9-8EF0-152DD35F753C}
	EndGlobalSection
EndGlobal
